// !$*UTF8*$!
{
	archiveVersion = 1;
	classes = {
	};
	objectVersion = 46;
	objects = {

/* Begin PBXBuildFile section */
		0A6C52F71F0F20E800701B7B /* obj_ToolClass.m in Sources */ = {isa = PBXBuildFile; fileRef = 0A6C52F61F0F20E800701B7B /* obj_ToolClass.m */; };
		0A6C53001F0F75CB00701B7B /* VC_LineChartAnimation.m in Sources */ = {isa = PBXBuildFile; fileRef = 0A6C52FF1F0F75CB00701B7B /* VC_LineChartAnimation.m */; };
		0A6CDF851F1355E90090D365 /* VC_Neure.m in Sources */ = {isa = PBXBuildFile; fileRef = 0A6CDF831F1355E90090D365 /* VC_Neure.m */; };
		0A6CDF8F1F136A600090D365 /* VC_CollectionMove.m in Sources */ = {isa = PBXBuildFile; fileRef = 0A6CDF8E1F136A600090D365 /* VC_CollectionMove.m */; };
		0A6CDF941F1381940090D365 /* VC_Electric.m in Sources */ = {isa = PBXBuildFile; fileRef = 0A6CDF931F1381940090D365 /* VC_Electric.m */; };
		0A6FDAA31F14B4FD00B96593 /* VC_ ViscousBtn.m in Sources */ = {isa = PBXBuildFile; fileRef = 0A6FDAA21F14B4FD00B96593 /* VC_ ViscousBtn.m */; };
		0A6FDAA61F14B64D00B96593 /* V_ViscousBtn.m in Sources */ = {isa = PBXBuildFile; fileRef = 0A6FDAA51F14B64D00B96593 /* V_ViscousBtn.m */; };
		0A6FDAAD1F14D69300B96593 /* VC_ Rubber.m in Sources */ = {isa = PBXBuildFile; fileRef = 0A6FDAAC1F14D69300B96593 /* VC_ Rubber.m */; };
		96ECAF6A1F0E6C4C00D43BE9 /* main.m in Sources */ = {isa = PBXBuildFile; fileRef = 96ECAF691F0E6C4C00D43BE9 /* main.m */; };
		96ECAF731F0E6C4C00D43BE9 /* Main.storyboard in Resources */ = {isa = PBXBuildFile; fileRef = 96ECAF711F0E6C4C00D43BE9 /* Main.storyboard */; };
		96ECAF751F0E6C4C00D43BE9 /* Assets.xcassets in Resources */ = {isa = PBXBuildFile; fileRef = 96ECAF741F0E6C4C00D43BE9 /* Assets.xcassets */; };
		96ECAF781F0E6C4C00D43BE9 /* LaunchScreen.storyboard in Resources */ = {isa = PBXBuildFile; fileRef = 96ECAF761F0E6C4C00D43BE9 /* LaunchScreen.storyboard */; };
		96ECAF831F0E6C4C00D43BE9 /* ZMAnimationTests.m in Sources */ = {isa = PBXBuildFile; fileRef = 96ECAF821F0E6C4C00D43BE9 /* ZMAnimationTests.m */; };
		96ECAF8E1F0E6C4C00D43BE9 /* ZMAnimationUITests.m in Sources */ = {isa = PBXBuildFile; fileRef = 96ECAF8D1F0E6C4C00D43BE9 /* ZMAnimationUITests.m */; };
		96ECAFA61F0E6CDF00D43BE9 /* AppDelegate.m in Sources */ = {isa = PBXBuildFile; fileRef = 96ECAFA31F0E6CDF00D43BE9 /* AppDelegate.m */; };
		96ECAFAA1F0E6DFE00D43BE9 /* ZMBaseViewController.m in Sources */ = {isa = PBXBuildFile; fileRef = 96ECAFA91F0E6DFE00D43BE9 /* ZMBaseViewController.m */; };
		96ECAFB01F0E709F00D43BE9 /* VC_Main.m in Sources */ = {isa = PBXBuildFile; fileRef = 96ECAFAE1F0E709F00D43BE9 /* VC_Main.m */; };
		96ECAFB31F0E70C500D43BE9 /* V_MainCell.m in Sources */ = {isa = PBXBuildFile; fileRef = 96ECAFB21F0E70C500D43BE9 /* V_MainCell.m */; };
		96ECAFB91F0E806B00D43BE9 /* VC_Login.m in Sources */ = {isa = PBXBuildFile; fileRef = 96ECAFB81F0E806B00D43BE9 /* VC_Login.m */; };
		96ECAFBD1F0E812300D43BE9 /* M_MainTableView.m in Sources */ = {isa = PBXBuildFile; fileRef = 96ECAFBC1F0E812300D43BE9 /* M_MainTableView.m */; };
/* End PBXBuildFile section */

/* Begin PBXContainerItemProxy section */
		96ECAF7F1F0E6C4C00D43BE9 /* PBXContainerItemProxy */ = {
			isa = PBXContainerItemProxy;
			containerPortal = 96ECAF5D1F0E6C4B00D43BE9 /* Project object */;
			proxyType = 1;
			remoteGlobalIDString = 96ECAF641F0E6C4C00D43BE9;
			remoteInfo = ZMAnimation;
		};
		96ECAF8A1F0E6C4C00D43BE9 /* PBXContainerItemProxy */ = {
			isa = PBXContainerItemProxy;
			containerPortal = 96ECAF5D1F0E6C4B00D43BE9 /* Project object */;
			proxyType = 1;
			remoteGlobalIDString = 96ECAF641F0E6C4C00D43BE9;
			remoteInfo = ZMAnimation;
		};
/* End PBXContainerItemProxy section */

/* Begin PBXFileReference section */
		0A6C52F51F0F20E800701B7B /* obj_ToolClass.h */ = {isa = PBXFileReference; fileEncoding = 4; lastKnownFileType = sourcecode.c.h; path = obj_ToolClass.h; sourceTree = "<group>"; };
		0A6C52F61F0F20E800701B7B /* obj_ToolClass.m */ = {isa = PBXFileReference; fileEncoding = 4; lastKnownFileType = sourcecode.c.objc; path = obj_ToolClass.m; sourceTree = "<group>"; };
		0A6C52F91F0F2CEC00701B7B /* ZMHead.h */ = {isa = PBXFileReference; lastKnownFileType = sourcecode.c.h; path = ZMHead.h; sourceTree = "<group>"; };
		0A6C52FE1F0F75CB00701B7B /* VC_LineChartAnimation.h */ = {isa = PBXFileReference; fileEncoding = 4; lastKnownFileType = sourcecode.c.h; path = VC_LineChartAnimation.h; sourceTree = "<group>"; };
		0A6C52FF1F0F75CB00701B7B /* VC_LineChartAnimation.m */ = {isa = PBXFileReference; fileEncoding = 4; lastKnownFileType = sourcecode.c.objc; path = VC_LineChartAnimation.m; sourceTree = "<group>"; };
		0A6CDF821F1355E90090D365 /* VC_Neure.h */ = {isa = PBXFileReference; fileEncoding = 4; lastKnownFileType = sourcecode.c.h; path = VC_Neure.h; sourceTree = "<group>"; };
		0A6CDF831F1355E90090D365 /* VC_Neure.m */ = {isa = PBXFileReference; fileEncoding = 4; lastKnownFileType = sourcecode.c.objc; path = VC_Neure.m; sourceTree = "<group>"; };
		0A6CDF8D1F136A600090D365 /* VC_CollectionMove.h */ = {isa = PBXFileReference; fileEncoding = 4; lastKnownFileType = sourcecode.c.h; path = VC_CollectionMove.h; sourceTree = "<group>"; };
		0A6CDF8E1F136A600090D365 /* VC_CollectionMove.m */ = {isa = PBXFileReference; fileEncoding = 4; lastKnownFileType = sourcecode.c.objc; path = VC_CollectionMove.m; sourceTree = "<group>"; };
		0A6CDF921F1381940090D365 /* VC_Electric.h */ = {isa = PBXFileReference; fileEncoding = 4; lastKnownFileType = sourcecode.c.h; path = VC_Electric.h; sourceTree = "<group>"; };
		0A6CDF931F1381940090D365 /* VC_Electric.m */ = {isa = PBXFileReference; fileEncoding = 4; lastKnownFileType = sourcecode.c.objc; path = VC_Electric.m; sourceTree = "<group>"; };
		0A6FDAA11F14B4FD00B96593 /* VC_ ViscousBtn.h */ = {isa = PBXFileReference; fileEncoding = 4; lastKnownFileType = sourcecode.c.h; path = "VC_ ViscousBtn.h"; sourceTree = "<group>"; };
		0A6FDAA21F14B4FD00B96593 /* VC_ ViscousBtn.m */ = {isa = PBXFileReference; fileEncoding = 4; lastKnownFileType = sourcecode.c.objc; path = "VC_ ViscousBtn.m"; sourceTree = "<group>"; };
		0A6FDAA41F14B64D00B96593 /* V_ViscousBtn.h */ = {isa = PBXFileReference; fileEncoding = 4; lastKnownFileType = sourcecode.c.h; path = V_ViscousBtn.h; sourceTree = "<group>"; };
		0A6FDAA51F14B64D00B96593 /* V_ViscousBtn.m */ = {isa = PBXFileReference; fileEncoding = 4; lastKnownFileType = sourcecode.c.objc; path = V_ViscousBtn.m; sourceTree = "<group>"; };
		0A6FDAAB1F14D69300B96593 /* VC_ Rubber.h */ = {isa = PBXFileReference; fileEncoding = 4; lastKnownFileType = sourcecode.c.h; path = "VC_ Rubber.h"; sourceTree = "<group>"; };
		0A6FDAAC1F14D69300B96593 /* VC_ Rubber.m */ = {isa = PBXFileReference; fileEncoding = 4; lastKnownFileType = sourcecode.c.objc; path = "VC_ Rubber.m"; sourceTree = "<group>"; };
		96ECAF651F0E6C4C00D43BE9 /* ZMAnimation.app */ = {isa = PBXFileReference; explicitFileType = wrapper.application; includeInIndex = 0; path = ZMAnimation.app; sourceTree = BUILT_PRODUCTS_DIR; };
		96ECAF691F0E6C4C00D43BE9 /* main.m */ = {isa = PBXFileReference; lastKnownFileType = sourcecode.c.objc; path = main.m; sourceTree = "<group>"; };
		96ECAF721F0E6C4C00D43BE9 /* Base */ = {isa = PBXFileReference; lastKnownFileType = file.storyboard; name = Base; path = Base.lproj/Main.storyboard; sourceTree = "<group>"; };
		96ECAF741F0E6C4C00D43BE9 /* Assets.xcassets */ = {isa = PBXFileReference; lastKnownFileType = folder.assetcatalog; path = Assets.xcassets; sourceTree = "<group>"; };
		96ECAF771F0E6C4C00D43BE9 /* Base */ = {isa = PBXFileReference; lastKnownFileType = file.storyboard; name = Base; path = Base.lproj/LaunchScreen.storyboard; sourceTree = "<group>"; };
		96ECAF791F0E6C4C00D43BE9 /* Info.plist */ = {isa = PBXFileReference; lastKnownFileType = text.plist.xml; path = Info.plist; sourceTree = "<group>"; };
		96ECAF7E1F0E6C4C00D43BE9 /* ZMAnimationTests.xctest */ = {isa = PBXFileReference; explicitFileType = wrapper.cfbundle; includeInIndex = 0; path = ZMAnimationTests.xctest; sourceTree = BUILT_PRODUCTS_DIR; };
		96ECAF821F0E6C4C00D43BE9 /* ZMAnimationTests.m */ = {isa = PBXFileReference; lastKnownFileType = sourcecode.c.objc; path = ZMAnimationTests.m; sourceTree = "<group>"; };
		96ECAF841F0E6C4C00D43BE9 /* Info.plist */ = {isa = PBXFileReference; lastKnownFileType = text.plist.xml; path = Info.plist; sourceTree = "<group>"; };
		96ECAF891F0E6C4C00D43BE9 /* ZMAnimationUITests.xctest */ = {isa = PBXFileReference; explicitFileType = wrapper.cfbundle; includeInIndex = 0; path = ZMAnimationUITests.xctest; sourceTree = BUILT_PRODUCTS_DIR; };
		96ECAF8D1F0E6C4C00D43BE9 /* ZMAnimationUITests.m */ = {isa = PBXFileReference; lastKnownFileType = sourcecode.c.objc; path = ZMAnimationUITests.m; sourceTree = "<group>"; };
		96ECAF8F1F0E6C4C00D43BE9 /* Info.plist */ = {isa = PBXFileReference; lastKnownFileType = text.plist.xml; path = Info.plist; sourceTree = "<group>"; };
		96ECAFA21F0E6CDF00D43BE9 /* AppDelegate.h */ = {isa = PBXFileReference; fileEncoding = 4; lastKnownFileType = sourcecode.c.h; path = AppDelegate.h; sourceTree = "<group>"; };
		96ECAFA31F0E6CDF00D43BE9 /* AppDelegate.m */ = {isa = PBXFileReference; fileEncoding = 4; lastKnownFileType = sourcecode.c.objc; path = AppDelegate.m; sourceTree = "<group>"; };
		96ECAFA81F0E6DFE00D43BE9 /* ZMBaseViewController.h */ = {isa = PBXFileReference; fileEncoding = 4; lastKnownFileType = sourcecode.c.h; path = ZMBaseViewController.h; sourceTree = "<group>"; };
		96ECAFA91F0E6DFE00D43BE9 /* ZMBaseViewController.m */ = {isa = PBXFileReference; fileEncoding = 4; lastKnownFileType = sourcecode.c.objc; path = ZMBaseViewController.m; sourceTree = "<group>"; };
		96ECAFAD1F0E709F00D43BE9 /* VC_Main.h */ = {isa = PBXFileReference; fileEncoding = 4; lastKnownFileType = sourcecode.c.h; path = VC_Main.h; sourceTree = "<group>"; };
		96ECAFAE1F0E709F00D43BE9 /* VC_Main.m */ = {isa = PBXFileReference; fileEncoding = 4; lastKnownFileType = sourcecode.c.objc; path = VC_Main.m; sourceTree = "<group>"; };
		96ECAFB11F0E70C500D43BE9 /* V_MainCell.h */ = {isa = PBXFileReference; fileEncoding = 4; lastKnownFileType = sourcecode.c.h; path = V_MainCell.h; sourceTree = "<group>"; };
		96ECAFB21F0E70C500D43BE9 /* V_MainCell.m */ = {isa = PBXFileReference; fileEncoding = 4; lastKnownFileType = sourcecode.c.objc; path = V_MainCell.m; sourceTree = "<group>"; };
		96ECAFB71F0E806B00D43BE9 /* VC_Login.h */ = {isa = PBXFileReference; fileEncoding = 4; lastKnownFileType = sourcecode.c.h; path = VC_Login.h; sourceTree = "<group>"; };
		96ECAFB81F0E806B00D43BE9 /* VC_Login.m */ = {isa = PBXFileReference; fileEncoding = 4; lastKnownFileType = sourcecode.c.objc; path = VC_Login.m; sourceTree = "<group>"; };
		96ECAFBB1F0E812300D43BE9 /* M_MainTableView.h */ = {isa = PBXFileReference; fileEncoding = 4; lastKnownFileType = sourcecode.c.h; path = M_MainTableView.h; sourceTree = "<group>"; };
		96ECAFBC1F0E812300D43BE9 /* M_MainTableView.m */ = {isa = PBXFileReference; fileEncoding = 4; lastKnownFileType = sourcecode.c.objc; path = M_MainTableView.m; sourceTree = "<group>"; };
/* End PBXFileReference section */

/* Begin PBXFrameworksBuildPhase section */
		96ECAF621F0E6C4C00D43BE9 /* Frameworks */ = {
			isa = PBXFrameworksBuildPhase;
			buildActionMask = 2147483647;
			files = (
			);
			runOnlyForDeploymentPostprocessing = 0;
		};
		96ECAF7B1F0E6C4C00D43BE9 /* Frameworks */ = {
			isa = PBXFrameworksBuildPhase;
			buildActionMask = 2147483647;
			files = (
			);
			runOnlyForDeploymentPostprocessing = 0;
		};
		96ECAF861F0E6C4C00D43BE9 /* Frameworks */ = {
			isa = PBXFrameworksBuildPhase;
			buildActionMask = 2147483647;
			files = (
			);
			runOnlyForDeploymentPostprocessing = 0;
		};
/* End PBXFrameworksBuildPhase section */

/* Begin PBXGroup section */
		0A6C52F41F0F20E800701B7B /* Tool */ = {
			isa = PBXGroup;
			children = (
				0A6C52F51F0F20E800701B7B /* obj_ToolClass.h */,
				0A6C52F61F0F20E800701B7B /* obj_ToolClass.m */,
			);
			path = Tool;
			sourceTree = "<group>";
		};
		0A6C52FA1F0F756C00701B7B /* 02 */ = {
			isa = PBXGroup;
			children = (
				0A6C52FB1F0F756C00701B7B /* Controller */,
				0A6C52FC1F0F756C00701B7B /* Model */,
				0A6C52FD1F0F756C00701B7B /* View */,
			);
			path = 02;
			sourceTree = "<group>";
		};
		0A6C52FB1F0F756C00701B7B /* Controller */ = {
			isa = PBXGroup;
			children = (
				0A6C52FE1F0F75CB00701B7B /* VC_LineChartAnimation.h */,
				0A6C52FF1F0F75CB00701B7B /* VC_LineChartAnimation.m */,
			);
			path = Controller;
			sourceTree = "<group>";
		};
		0A6C52FC1F0F756C00701B7B /* Model */ = {
			isa = PBXGroup;
			children = (
			);
			path = Model;
			sourceTree = "<group>";
		};
		0A6C52FD1F0F756C00701B7B /* View */ = {
			isa = PBXGroup;
			children = (
			);
			path = View;
			sourceTree = "<group>";
		};
		0A6CDF7D1F1312680090D365 /* 03 */ = {
			isa = PBXGroup;
			children = (
				0A6CDF811F1355E90090D365 /* Controller */,
				0A6CDF841F1355E90090D365 /* Model */,
			);
			path = 03;
			sourceTree = "<group>";
		};
		0A6CDF811F1355E90090D365 /* Controller */ = {
			isa = PBXGroup;
			children = (
				0A6CDF821F1355E90090D365 /* VC_Neure.h */,
				0A6CDF831F1355E90090D365 /* VC_Neure.m */,
			);
			path = Controller;
			sourceTree = "<group>";
		};
		0A6CDF841F1355E90090D365 /* Model */ = {
			isa = PBXGroup;
			children = (
			);
			path = Model;
			sourceTree = "<group>";
		};
		0A6CDF891F136A350090D365 /* 04 */ = {
			isa = PBXGroup;
			children = (
				0A6CDF8A1F136A350090D365 /* Controller  */,
				0A6CDF8B1F136A350090D365 /* Model */,
				0A6CDF8C1F136A350090D365 /* View */,
			);
			path = 04;
			sourceTree = "<group>";
		};
		0A6CDF8A1F136A350090D365 /* Controller  */ = {
			isa = PBXGroup;
			children = (
				0A6CDF8D1F136A600090D365 /* VC_CollectionMove.h */,
				0A6CDF8E1F136A600090D365 /* VC_CollectionMove.m */,
			);
			path = "Controller ";
			sourceTree = "<group>";
		};
		0A6CDF8B1F136A350090D365 /* Model */ = {
			isa = PBXGroup;
			children = (
			);
			path = Model;
			sourceTree = "<group>";
		};
		0A6CDF8C1F136A350090D365 /* View */ = {
			isa = PBXGroup;
			children = (
			);
			path = View;
			sourceTree = "<group>";
		};
		0A6CDF901F1381540090D365 /* 05 */ = {
			isa = PBXGroup;
			children = (
				0A6CDF911F1381540090D365 /* Controller */,
			);
			path = 05;
			sourceTree = "<group>";
		};
		0A6CDF911F1381540090D365 /* Controller */ = {
			isa = PBXGroup;
			children = (
				0A6CDF921F1381940090D365 /* VC_Electric.h */,
				0A6CDF931F1381940090D365 /* VC_Electric.m */,
			);
			path = Controller;
			sourceTree = "<group>";
		};
		0A6FDA9D1F14B4B900B96593 /* 06 */ = {
			isa = PBXGroup;
			children = (
				0A6FDA9E1F14B4B900B96593 /* Controller */,
				0A6FDA9F1F14B4B900B96593 /* Model */,
				0A6FDAA01F14B4B900B96593 /* View */,
			);
			path = 06;
			sourceTree = "<group>";
		};
		0A6FDA9E1F14B4B900B96593 /* Controller */ = {
			isa = PBXGroup;
			children = (
				0A6FDAA11F14B4FD00B96593 /* VC_ ViscousBtn.h */,
				0A6FDAA21F14B4FD00B96593 /* VC_ ViscousBtn.m */,
			);
			path = Controller;
			sourceTree = "<group>";
		};
		0A6FDA9F1F14B4B900B96593 /* Model */ = {
			isa = PBXGroup;
			children = (
			);
			path = Model;
			sourceTree = "<group>";
		};
		0A6FDAA01F14B4B900B96593 /* View */ = {
			isa = PBXGroup;
			children = (
				0A6FDAA41F14B64D00B96593 /* V_ViscousBtn.h */,
				0A6FDAA51F14B64D00B96593 /* V_ViscousBtn.m */,
			);
			path = View;
			sourceTree = "<group>";
		};
		0A6FDAA71F14D66200B96593 /* 07 */ = {
			isa = PBXGroup;
			children = (
				0A6FDAA81F14D66200B96593 /* Controller */,
				0A6FDAA91F14D66200B96593 /* Model */,
				0A6FDAAA1F14D66200B96593 /* View */,
			);
			path = 07;
			sourceTree = "<group>";
		};
		0A6FDAA81F14D66200B96593 /* Controller */ = {
			isa = PBXGroup;
			children = (
				0A6FDAAB1F14D69300B96593 /* VC_ Rubber.h */,
				0A6FDAAC1F14D69300B96593 /* VC_ Rubber.m */,
			);
			path = Controller;
			sourceTree = "<group>";
		};
		0A6FDAA91F14D66200B96593 /* Model */ = {
			isa = PBXGroup;
			children = (
			);
			path = Model;
			sourceTree = "<group>";
		};
		0A6FDAAA1F14D66200B96593 /* View */ = {
			isa = PBXGroup;
			children = (
			);
			path = View;
			sourceTree = "<group>";
		};
		96ECAF5C1F0E6C4B00D43BE9 = {
			isa = PBXGroup;
			children = (
				96ECAF671F0E6C4C00D43BE9 /* ZMAnimation */,
				96ECAF811F0E6C4C00D43BE9 /* ZMAnimationTests */,
				96ECAF8C1F0E6C4C00D43BE9 /* ZMAnimationUITests */,
				96ECAF661F0E6C4C00D43BE9 /* Products */,
			);
			sourceTree = "<group>";
		};
		96ECAF661F0E6C4C00D43BE9 /* Products */ = {
			isa = PBXGroup;
			children = (
				96ECAF651F0E6C4C00D43BE9 /* ZMAnimation.app */,
				96ECAF7E1F0E6C4C00D43BE9 /* ZMAnimationTests.xctest */,
				96ECAF891F0E6C4C00D43BE9 /* ZMAnimationUITests.xctest */,
			);
			name = Products;
			sourceTree = "<group>";
		};
		96ECAF671F0E6C4C00D43BE9 /* ZMAnimation */ = {
			isa = PBXGroup;
			children = (
				0A6C52F41F0F20E800701B7B /* Tool */,
				96ECAF9E1F0E6CC200D43BE9 /* Main */,
				96ECAF711F0E6C4C00D43BE9 /* Main.storyboard */,
				96ECAF741F0E6C4C00D43BE9 /* Assets.xcassets */,
				96ECAF761F0E6C4C00D43BE9 /* LaunchScreen.storyboard */,
				96ECAF791F0E6C4C00D43BE9 /* Info.plist */,
				96ECAF681F0E6C4C00D43BE9 /* Supporting Files */,
			);
			path = ZMAnimation;
			sourceTree = "<group>";
		};
		96ECAF681F0E6C4C00D43BE9 /* Supporting Files */ = {
			isa = PBXGroup;
			children = (
				96ECAF691F0E6C4C00D43BE9 /* main.m */,
			);
			name = "Supporting Files";
			sourceTree = "<group>";
		};
		96ECAF811F0E6C4C00D43BE9 /* ZMAnimationTests */ = {
			isa = PBXGroup;
			children = (
				96ECAF821F0E6C4C00D43BE9 /* ZMAnimationTests.m */,
				96ECAF841F0E6C4C00D43BE9 /* Info.plist */,
			);
			path = ZMAnimationTests;
			sourceTree = "<group>";
		};
		96ECAF8C1F0E6C4C00D43BE9 /* ZMAnimationUITests */ = {
			isa = PBXGroup;
			children = (
				96ECAF8D1F0E6C4C00D43BE9 /* ZMAnimationUITests.m */,
				96ECAF8F1F0E6C4C00D43BE9 /* Info.plist */,
			);
			path = ZMAnimationUITests;
			sourceTree = "<group>";
		};
		96ECAF9E1F0E6CC200D43BE9 /* Main */ = {
			isa = PBXGroup;
			children = (
				0A6C52F91F0F2CEC00701B7B /* ZMHead.h */,
				96ECAFA21F0E6CDF00D43BE9 /* AppDelegate.h */,
				96ECAFA31F0E6CDF00D43BE9 /* AppDelegate.m */,
				96ECAFA81F0E6DFE00D43BE9 /* ZMBaseViewController.h */,
				96ECAFA91F0E6DFE00D43BE9 /* ZMBaseViewController.m */,
				96ECAFAB1F0E709F00D43BE9 /* main */,
				96ECAF9F1F0E6CC200D43BE9 /* 01 */,
				0A6C52FA1F0F756C00701B7B /* 02 */,
				0A6CDF7D1F1312680090D365 /* 03 */,
				0A6CDF891F136A350090D365 /* 04 */,
				0A6CDF901F1381540090D365 /* 05 */,
				0A6FDA9D1F14B4B900B96593 /* 06 */,
				0A6FDAA71F14D66200B96593 /* 07 */,
			);
			path = Main;
			sourceTree = "<group>";
		};
		96ECAF9F1F0E6CC200D43BE9 /* 01 */ = {
			isa = PBXGroup;
			children = (
				96ECAFA01F0E6CC200D43BE9 /* View */,
				96ECAFA11F0E6CC200D43BE9 /* Controller */,
			);
			path = 01;
			sourceTree = "<group>";
		};
		96ECAFA01F0E6CC200D43BE9 /* View */ = {
			isa = PBXGroup;
			children = (
			);
			path = View;
			sourceTree = "<group>";
		};
		96ECAFA11F0E6CC200D43BE9 /* Controller */ = {
			isa = PBXGroup;
			children = (
				96ECAFB71F0E806B00D43BE9 /* VC_Login.h */,
				96ECAFB81F0E806B00D43BE9 /* VC_Login.m */,
			);
			path = Controller;
			sourceTree = "<group>";
		};
		96ECAFAB1F0E709F00D43BE9 /* main */ = {
			isa = PBXGroup;
			children = (
				96ECAFBA1F0E80EE00D43BE9 /* Model */,
				96ECAFAC1F0E709F00D43BE9 /* Controller */,
				96ECAFAF1F0E709F00D43BE9 /* View */,
			);
			path = main;
			sourceTree = "<group>";
		};
		96ECAFAC1F0E709F00D43BE9 /* Controller */ = {
			isa = PBXGroup;
			children = (
				96ECAFAD1F0E709F00D43BE9 /* VC_Main.h */,
				96ECAFAE1F0E709F00D43BE9 /* VC_Main.m */,
			);
			path = Controller;
			sourceTree = "<group>";
		};
		96ECAFAF1F0E709F00D43BE9 /* View */ = {
			isa = PBXGroup;
			children = (
				96ECAFB11F0E70C500D43BE9 /* V_MainCell.h */,
				96ECAFB21F0E70C500D43BE9 /* V_MainCell.m */,
			);
			path = View;
			sourceTree = "<group>";
		};
		96ECAFBA1F0E80EE00D43BE9 /* Model */ = {
			isa = PBXGroup;
			children = (
				96ECAFBB1F0E812300D43BE9 /* M_MainTableView.h */,
				96ECAFBC1F0E812300D43BE9 /* M_MainTableView.m */,
			);
			path = Model;
			sourceTree = "<group>";
		};
/* End PBXGroup section */

/* Begin PBXNativeTarget section */
		96ECAF641F0E6C4C00D43BE9 /* ZMAnimation */ = {
			isa = PBXNativeTarget;
			buildConfigurationList = 96ECAF921F0E6C4C00D43BE9 /* Build configuration list for PBXNativeTarget "ZMAnimation" */;
			buildPhases = (
				96ECAF611F0E6C4C00D43BE9 /* Sources */,
				96ECAF621F0E6C4C00D43BE9 /* Frameworks */,
				96ECAF631F0E6C4C00D43BE9 /* Resources */,
			);
			buildRules = (
			);
			dependencies = (
			);
			name = ZMAnimation;
			productName = ZMAnimation;
			productReference = 96ECAF651F0E6C4C00D43BE9 /* ZMAnimation.app */;
			productType = "com.apple.product-type.application";
		};
		96ECAF7D1F0E6C4C00D43BE9 /* ZMAnimationTests */ = {
			isa = PBXNativeTarget;
			buildConfigurationList = 96ECAF951F0E6C4C00D43BE9 /* Build configuration list for PBXNativeTarget "ZMAnimationTests" */;
			buildPhases = (
				96ECAF7A1F0E6C4C00D43BE9 /* Sources */,
				96ECAF7B1F0E6C4C00D43BE9 /* Frameworks */,
				96ECAF7C1F0E6C4C00D43BE9 /* Resources */,
			);
			buildRules = (
			);
			dependencies = (
				96ECAF801F0E6C4C00D43BE9 /* PBXTargetDependency */,
			);
			name = ZMAnimationTests;
			productName = ZMAnimationTests;
			productReference = 96ECAF7E1F0E6C4C00D43BE9 /* ZMAnimationTests.xctest */;
			productType = "com.apple.product-type.bundle.unit-test";
		};
		96ECAF881F0E6C4C00D43BE9 /* ZMAnimationUITests */ = {
			isa = PBXNativeTarget;
			buildConfigurationList = 96ECAF981F0E6C4C00D43BE9 /* Build configuration list for PBXNativeTarget "ZMAnimationUITests" */;
			buildPhases = (
				96ECAF851F0E6C4C00D43BE9 /* Sources */,
				96ECAF861F0E6C4C00D43BE9 /* Frameworks */,
				96ECAF871F0E6C4C00D43BE9 /* Resources */,
			);
			buildRules = (
			);
			dependencies = (
				96ECAF8B1F0E6C4C00D43BE9 /* PBXTargetDependency */,
			);
			name = ZMAnimationUITests;
			productName = ZMAnimationUITests;
			productReference = 96ECAF891F0E6C4C00D43BE9 /* ZMAnimationUITests.xctest */;
			productType = "com.apple.product-type.bundle.ui-testing";
		};
/* End PBXNativeTarget section */

/* Begin PBXProject section */
		96ECAF5D1F0E6C4B00D43BE9 /* Project object */ = {
			isa = PBXProject;
			attributes = {
				LastUpgradeCheck = 0830;
				ORGANIZATIONNAME = "圣光大人";
				TargetAttributes = {
					96ECAF641F0E6C4C00D43BE9 = {
						CreatedOnToolsVersion = 8.3.2;
						DevelopmentTeam = F5S3CD83Z4;
						ProvisioningStyle = Automatic;
					};
					96ECAF7D1F0E6C4C00D43BE9 = {
						CreatedOnToolsVersion = 8.3.2;
						DevelopmentTeam = F5S3CD83Z4;
						ProvisioningStyle = Automatic;
						TestTargetID = 96ECAF641F0E6C4C00D43BE9;
					};
					96ECAF881F0E6C4C00D43BE9 = {
						CreatedOnToolsVersion = 8.3.2;
						DevelopmentTeam = F5S3CD83Z4;
						ProvisioningStyle = Automatic;
						TestTargetID = 96ECAF641F0E6C4C00D43BE9;
					};
				};
			};
			buildConfigurationList = 96ECAF601F0E6C4B00D43BE9 /* Build configuration list for PBXProject "ZMAnimation" */;
			compatibilityVersion = "Xcode 3.2";
			developmentRegion = English;
			hasScannedForEncodings = 0;
			knownRegions = (
				en,
				Base,
			);
			mainGroup = 96ECAF5C1F0E6C4B00D43BE9;
			productRefGroup = 96ECAF661F0E6C4C00D43BE9 /* Products */;
			projectDirPath = "";
			projectRoot = "";
			targets = (
				96ECAF641F0E6C4C00D43BE9 /* ZMAnimation */,
				96ECAF7D1F0E6C4C00D43BE9 /* ZMAnimationTests */,
				96ECAF881F0E6C4C00D43BE9 /* ZMAnimationUITests */,
			);
		};
/* End PBXProject section */

/* Begin PBXResourcesBuildPhase section */
		96ECAF631F0E6C4C00D43BE9 /* Resources */ = {
			isa = PBXResourcesBuildPhase;
			buildActionMask = 2147483647;
			files = (
				96ECAF781F0E6C4C00D43BE9 /* LaunchScreen.storyboard in Resources */,
				96ECAF751F0E6C4C00D43BE9 /* Assets.xcassets in Resources */,
				96ECAF731F0E6C4C00D43BE9 /* Main.storyboard in Resources */,
			);
			runOnlyForDeploymentPostprocessing = 0;
		};
		96ECAF7C1F0E6C4C00D43BE9 /* Resources */ = {
			isa = PBXResourcesBuildPhase;
			buildActionMask = 2147483647;
			files = (
			);
			runOnlyForDeploymentPostprocessing = 0;
		};
		96ECAF871F0E6C4C00D43BE9 /* Resources */ = {
			isa = PBXResourcesBuildPhase;
			buildActionMask = 2147483647;
			files = (
			);
			runOnlyForDeploymentPostprocessing = 0;
		};
/* End PBXResourcesBuildPhase section */

/* Begin PBXSourcesBuildPhase section */
		96ECAF611F0E6C4C00D43BE9 /* Sources */ = {
			isa = PBXSourcesBuildPhase;
			buildActionMask = 2147483647;
			files = (
				0A6C52F71F0F20E800701B7B /* obj_ToolClass.m in Sources */,
				96ECAFBD1F0E812300D43BE9 /* M_MainTableView.m in Sources */,
				96ECAFB91F0E806B00D43BE9 /* VC_Login.m in Sources */,
				0A6C53001F0F75CB00701B7B /* VC_LineChartAnimation.m in Sources */,
				0A6CDF851F1355E90090D365 /* VC_Neure.m in Sources */,
				96ECAFA61F0E6CDF00D43BE9 /* AppDelegate.m in Sources */,
				0A6CDF8F1F136A600090D365 /* VC_CollectionMove.m in Sources */,
				0A6CDF941F1381940090D365 /* VC_Electric.m in Sources */,
				0A6FDAA61F14B64D00B96593 /* V_ViscousBtn.m in Sources */,
				96ECAFAA1F0E6DFE00D43BE9 /* ZMBaseViewController.m in Sources */,
				96ECAFB31F0E70C500D43BE9 /* V_MainCell.m in Sources */,
				96ECAFB01F0E709F00D43BE9 /* VC_Main.m in Sources */,
				0A6FDAA31F14B4FD00B96593 /* VC_ ViscousBtn.m in Sources */,
				96ECAF6A1F0E6C4C00D43BE9 /* main.m in Sources */,
				0A6FDAAD1F14D69300B96593 /* VC_ Rubber.m in Sources */,
			);
			runOnlyForDeploymentPostprocessing = 0;
		};
		96ECAF7A1F0E6C4C00D43BE9 /* Sources */ = {
			isa = PBXSourcesBuildPhase;
			buildActionMask = 2147483647;
			files = (
				96ECAF831F0E6C4C00D43BE9 /* ZMAnimationTests.m in Sources */,
			);
			runOnlyForDeploymentPostprocessing = 0;
		};
		96ECAF851F0E6C4C00D43BE9 /* Sources */ = {
			isa = PBXSourcesBuildPhase;
			buildActionMask = 2147483647;
			files = (
				96ECAF8E1F0E6C4C00D43BE9 /* ZMAnimationUITests.m in Sources */,
			);
			runOnlyForDeploymentPostprocessing = 0;
		};
/* End PBXSourcesBuildPhase section */

/* Begin PBXTargetDependency section */
		96ECAF801F0E6C4C00D43BE9 /* PBXTargetDependency */ = {
			isa = PBXTargetDependency;
			target = 96ECAF641F0E6C4C00D43BE9 /* ZMAnimation */;
			targetProxy = 96ECAF7F1F0E6C4C00D43BE9 /* PBXContainerItemProxy */;
		};
		96ECAF8B1F0E6C4C00D43BE9 /* PBXTargetDependency */ = {
			isa = PBXTargetDependency;
			target = 96ECAF641F0E6C4C00D43BE9 /* ZMAnimation */;
			targetProxy = 96ECAF8A1F0E6C4C00D43BE9 /* PBXContainerItemProxy */;
		};
/* End PBXTargetDependency section */

/* Begin PBXVariantGroup section */
		96ECAF711F0E6C4C00D43BE9 /* Main.storyboard */ = {
			isa = PBXVariantGroup;
			children = (
				96ECAF721F0E6C4C00D43BE9 /* Base */,
			);
			name = Main.storyboard;
			sourceTree = "<group>";
		};
		96ECAF761F0E6C4C00D43BE9 /* LaunchScreen.storyboard */ = {
			isa = PBXVariantGroup;
			children = (
				96ECAF771F0E6C4C00D43BE9 /* Base */,
			);
			name = LaunchScreen.storyboard;
			sourceTree = "<group>";
		};
/* End PBXVariantGroup section */

/* Begin XCBuildConfiguration section */
		96ECAF901F0E6C4C00D43BE9 /* Debug */ = {
			isa = XCBuildConfiguration;
			buildSettings = {
				ALWAYS_SEARCH_USER_PATHS = NO;
				CLANG_ANALYZER_NONNULL = YES;
				CLANG_ANALYZER_NUMBER_OBJECT_CONVERSION = YES_AGGRESSIVE;
				CLANG_CXX_LANGUAGE_STANDARD = "gnu++0x";
				CLANG_CXX_LIBRARY = "libc++";
				CLANG_ENABLE_MODULES = YES;
				CLANG_ENABLE_OBJC_ARC = YES;
				CLANG_WARN_BOOL_CONVERSION = YES;
				CLANG_WARN_CONSTANT_CONVERSION = YES;
				CLANG_WARN_DIRECT_OBJC_ISA_USAGE = YES_ERROR;
				CLANG_WARN_DOCUMENTATION_COMMENTS = YES;
				CLANG_WARN_EMPTY_BODY = YES;
				CLANG_WARN_ENUM_CONVERSION = YES;
				CLANG_WARN_INFINITE_RECURSION = YES;
				CLANG_WARN_INT_CONVERSION = YES;
				CLANG_WARN_OBJC_ROOT_CLASS = YES_ERROR;
				CLANG_WARN_SUSPICIOUS_MOVE = YES;
				CLANG_WARN_UNREACHABLE_CODE = YES;
				CLANG_WARN__DUPLICATE_METHOD_MATCH = YES;
				"CODE_SIGN_IDENTITY[sdk=iphoneos*]" = "iPhone Developer";
				COPY_PHASE_STRIP = NO;
				DEBUG_INFORMATION_FORMAT = dwarf;
				ENABLE_STRICT_OBJC_MSGSEND = YES;
				ENABLE_TESTABILITY = YES;
				GCC_C_LANGUAGE_STANDARD = gnu99;
				GCC_DYNAMIC_NO_PIC = NO;
				GCC_NO_COMMON_BLOCKS = YES;
				GCC_OPTIMIZATION_LEVEL = 0;
				GCC_PREPROCESSOR_DEFINITIONS = (
					"DEBUG=1",
					"$(inherited)",
				);
				GCC_WARN_64_TO_32_BIT_CONVERSION = YES;
				GCC_WARN_ABOUT_RETURN_TYPE = YES_ERROR;
				GCC_WARN_UNDECLARED_SELECTOR = YES;
				GCC_WARN_UNINITIALIZED_AUTOS = YES_AGGRESSIVE;
				GCC_WARN_UNUSED_FUNCTION = YES;
				GCC_WARN_UNUSED_VARIABLE = YES;
				IPHONEOS_DEPLOYMENT_TARGET = 10.3;
				MTL_ENABLE_DEBUG_INFO = YES;
				ONLY_ACTIVE_ARCH = YES;
				SDKROOT = iphoneos;
				TARGETED_DEVICE_FAMILY = "1,2";
			};
			name = Debug;
		};
		96ECAF911F0E6C4C00D43BE9 /* Release */ = {
			isa = XCBuildConfiguration;
			buildSettings = {
				ALWAYS_SEARCH_USER_PATHS = NO;
				CLANG_ANALYZER_NONNULL = YES;
				CLANG_ANALYZER_NUMBER_OBJECT_CONVERSION = YES_AGGRESSIVE;
				CLANG_CXX_LANGUAGE_STANDARD = "gnu++0x";
				CLANG_CXX_LIBRARY = "libc++";
				CLANG_ENABLE_MODULES = YES;
				CLANG_ENABLE_OBJC_ARC = YES;
				CLANG_WARN_BOOL_CONVERSION = YES;
				CLANG_WARN_CONSTANT_CONVERSION = YES;
				CLANG_WARN_DIRECT_OBJC_ISA_USAGE = YES_ERROR;
				CLANG_WARN_DOCUMENTATION_COMMENTS = YES;
				CLANG_WARN_EMPTY_BODY = YES;
				CLANG_WARN_ENUM_CONVERSION = YES;
				CLANG_WARN_INFINITE_RECURSION = YES;
				CLANG_WARN_INT_CONVERSION = YES;
				CLANG_WARN_OBJC_ROOT_CLASS = YES_ERROR;
				CLANG_WARN_SUSPICIOUS_MOVE = YES;
				CLANG_WARN_UNREACHABLE_CODE = YES;
				CLANG_WARN__DUPLICATE_METHOD_MATCH = YES;
				"CODE_SIGN_IDENTITY[sdk=iphoneos*]" = "iPhone Developer";
				COPY_PHASE_STRIP = NO;
				DEBUG_INFORMATION_FORMAT = "dwarf-with-dsym";
				ENABLE_NS_ASSERTIONS = NO;
				ENABLE_STRICT_OBJC_MSGSEND = YES;
				GCC_C_LANGUAGE_STANDARD = gnu99;
				GCC_NO_COMMON_BLOCKS = YES;
				GCC_WARN_64_TO_32_BIT_CONVERSION = YES;
				GCC_WARN_ABOUT_RETURN_TYPE = YES_ERROR;
				GCC_WARN_UNDECLARED_SELECTOR = YES;
				GCC_WARN_UNINITIALIZED_AUTOS = YES_AGGRESSIVE;
				GCC_WARN_UNUSED_FUNCTION = YES;
				GCC_WARN_UNUSED_VARIABLE = YES;
				IPHONEOS_DEPLOYMENT_TARGET = 10.3;
				MTL_ENABLE_DEBUG_INFO = NO;
				SDKROOT = iphoneos;
				TARGETED_DEVICE_FAMILY = "1,2";
				VALIDATE_PRODUCT = YES;
			};
			name = Release;
		};
		96ECAF931F0E6C4C00D43BE9 /* Debug */ = {
			isa = XCBuildConfiguration;
			buildSettings = {
				ASSETCATALOG_COMPILER_APPICON_NAME = AppIcon;
				DEVELOPMENT_TEAM = F5S3CD83Z4;
				GCC_INCREASE_PRECOMPILED_HEADER_SHARING = YES;
				INFOPLIST_FILE = ZMAnimation/Info.plist;
				LD_RUNPATH_SEARCH_PATHS = "$(inherited) @executable_path/Frameworks";
				NEW_SETTING = "";
				PRODUCT_BUNDLE_IDENTIFIER = com.shenguang.ZMAnimation;
				PRODUCT_NAME = "$(TARGET_NAME)";
			};
			name = Debug;
		};
		96ECAF941F0E6C4C00D43BE9 /* Release */ = {
			isa = XCBuildConfiguration;
			buildSettings = {
				ASSETCATALOG_COMPILER_APPICON_NAME = AppIcon;
				DEVELOPMENT_TEAM = F5S3CD83Z4;
				GCC_INCREASE_PRECOMPILED_HEADER_SHARING = YES;
				INFOPLIST_FILE = ZMAnimation/Info.plist;
				LD_RUNPATH_SEARCH_PATHS = "$(inherited) @executable_path/Frameworks";
				NEW_SETTING = "";
				PRODUCT_BUNDLE_IDENTIFIER = com.shenguang.ZMAnimation;
				PRODUCT_NAME = "$(TARGET_NAME)";
			};
			name = Release;
		};
		96ECAF961F0E6C4C00D43BE9 /* Debug */ = {
			isa = XCBuildConfiguration;
			buildSettings = {
				BUNDLE_LOADER = "$(TEST_HOST)";
				DEVELOPMENT_TEAM = F5S3CD83Z4;
				INFOPLIST_FILE = ZMAnimationTests/Info.plist;
				LD_RUNPATH_SEARCH_PATHS = "$(inherited) @executable_path/Frameworks @loader_path/Frameworks";
				PRODUCT_BUNDLE_IDENTIFIER = com.shenguang.ZMAnimationTests;
				PRODUCT_NAME = "$(TARGET_NAME)";
				TEST_HOST = "$(BUILT_PRODUCTS_DIR)/ZMAnimation.app/ZMAnimation";
			};
			name = Debug;
		};
		96ECAF971F0E6C4C00D43BE9 /* Release */ = {
			isa = XCBuildConfiguration;
			buildSettings = {
				BUNDLE_LOADER = "$(TEST_HOST)";
				DEVELOPMENT_TEAM = F5S3CD83Z4;
				INFOPLIST_FILE = ZMAnimationTests/Info.plist;
				LD_RUNPATH_SEARCH_PATHS = "$(inherited) @executable_path/Frameworks @loader_path/Frameworks";
				PRODUCT_BUNDLE_IDENTIFIER = com.shenguang.ZMAnimationTests;
				PRODUCT_NAME = "$(TARGET_NAME)";
				TEST_HOST = "$(BUILT_PRODUCTS_DIR)/ZMAnimation.app/ZMAnimation";
			};
			name = Release;
		};
		96ECAF991F0E6C4C00D43BE9 /* Debug */ = {
			isa = XCBuildConfiguration;
			buildSettings = {
				DEVELOPMENT_TEAM = F5S3CD83Z4;
				INFOPLIST_FILE = ZMAnimationUITests/Info.plist;
				LD_RUNPATH_SEARCH_PATHS = "$(inherited) @executable_path/Frameworks @loader_path/Frameworks";
				PRODUCT_BUNDLE_IDENTIFIER = com.shenguang.ZMAnimationUITests;
				PRODUCT_NAME = "$(TARGET_NAME)";
				TEST_TARGET_NAME = ZMAnimation;
			};
			name = Debug;
		};
		96ECAF9A1F0E6C4C00D43BE9 /* Release */ = {
			isa = XCBuildConfiguration;
			buildSettings = {
				DEVELOPMENT_TEAM = F5S3CD83Z4;
				INFOPLIST_FILE = ZMAnimationUITests/Info.plist;
				LD_RUNPATH_SEARCH_PATHS = "$(inherited) @executable_path/Frameworks @loader_path/Frameworks";
				PRODUCT_BUNDLE_IDENTIFIER = com.shenguang.ZMAnimationUITests;
				PRODUCT_NAME = "$(TARGET_NAME)";
				TEST_TARGET_NAME = ZMAnimation;
			};
			name = Release;
		};
/* End XCBuildConfiguration section */

/* Begin XCConfigurationList section */
		96ECAF601F0E6C4B00D43BE9 /* Build configuration list for PBXProject "ZMAnimation" */ = {
			isa = XCConfigurationList;
			buildConfigurations = (
				96ECAF901F0E6C4C00D43BE9 /* Debug */,
				96ECAF911F0E6C4C00D43BE9 /* Release */,
			);
			defaultConfigurationIsVisible = 0;
			defaultConfigurationName = Release;
		};
		96ECAF921F0E6C4C00D43BE9 /* Build configuration list for PBXNativeTarget "ZMAnimation" */ = {
			isa = XCConfigurationList;
			buildConfigurations = (
				96ECAF931F0E6C4C00D43BE9 /* Debug */,
				96ECAF941F0E6C4C00D43BE9 /* Release */,
			);
			defaultConfigurationIsVisible = 0;
			defaultConfigurationName = Release;
		};
		96ECAF951F0E6C4C00D43BE9 /* Build configuration list for PBXNativeTarget "ZMAnimationTests" */ = {
			isa = XCConfigurationList;
			buildConfigurations = (
				96ECAF961F0E6C4C00D43BE9 /* Debug */,
				96ECAF971F0E6C4C00D43BE9 /* Release */,
			);
			defaultConfigurationIsVisible = 0;
			defaultConfigurationName = Release;
		};
		96ECAF981F0E6C4C00D43BE9 /* Build configuration list for PBXNativeTarget "ZMAnimationUITests" */ = {
			isa = XCConfigurationList;
			buildConfigurations = (
				96ECAF991F0E6C4C00D43BE9 /* Debug */,
				96ECAF9A1F0E6C4C00D43BE9 /* Release */,
			);
			defaultConfigurationIsVisible = 0;
			defaultConfigurationName = Release;
		};
/* End XCConfigurationList section */
	};
	rootObject = 96ECAF5D1F0E6C4B00D43BE9 /* Project object */;
}
